
Microsoft Visual Studio Solution File, Format Version 12.00
# Visual Studio 15
VisualStudioVersion = 15.0.27703.2035
MinimumVisualStudioVersion = 10.0.40219.1
Project("{F184B08F-C81C-45F6-A57F-5ABD9991F28F}") = "AutoCitect", "Test1\AutoCitect.vbproj", "{86E586B3-B5CB-495B-8E2D-4324CEEFDC49}"
EndProject
Global
	GlobalSection(SolutionConfigurationPlatforms) = preSolution
		Debug|Any CPU = Debug|Any CPU
		Release|Any CPU = Release|Any CPU
	EndGlobalSection
	GlobalSection(ProjectConfigurationPlatforms) = postSolution
		{86E586B3-B5CB-495B-8E2D-4324CEEFDC49}.Debug|Any CPU.ActiveCfg = Debug|Any CPU
		{86E586B3-B5CB-495B-8E2D-4324CEEFDC49}.Debug|Any CPU.Build.0 = Debug|Any CPU
		{86E586B3-B5CB-495B-8E2D-4324CEEFDC49}.Release|Any CPU.ActiveCfg = Release|Any CPU
		{86E586B3-B5CB-495B-8E2D-4324CEEFDC49}.Release|Any CPU.Build.0 = Release|Any CPU
	EndGlobalSection
	GlobalSection(SolutionProperties) = preSolution
		HideSolutionNode = FALSE
	EndGlobalSection
	GlobalSection(ExtensibilityGlobals) = postSolution
		SolutionGuid = {D47E3058-B07A-4A35-86AF-3220093BAD18}
	EndGlobalSection
EndGlobal
